
Microsoft Visual Studio Solution File, Format Version 12.00
# Visual Studio Version 16
VisualStudioVersion = 16.0.28922.388
MinimumVisualStudioVersion = 10.0.40219.1
Project("{2150E333-8FDC-42A3-9474-1A3956D46DE8}") = "Feature", "Feature", "{17DD5718-6E13-4F2C-9738-B410396D4552}"
EndProject
Project("{2150E333-8FDC-42A3-9474-1A3956D46DE8}") = "Foundation", "Foundation", "{4FDA1DCD-D33E-447E-91C1-F4AE818E2CF0}"
EndProject
Project("{2150E333-8FDC-42A3-9474-1A3956D46DE8}") = "Project", "Project", "{15D97D61-D597-42EC-B7E9-E9EC8130E630}"
EndProject
Project("{2150E333-8FDC-42A3-9474-1A3956D46DE8}") = "Configuration", "Configuration", "{ADCA10F7-A1D2-407B-8074-60418168C02E}"
	ProjectSection(SolutionItems) = preProject
		.editorconfig = .editorconfig
		.gitattributes = .gitattributes
		.gitignore = .gitignore
		scripts\Configs\gulp-config.js = scripts\Configs\gulp-config.js
		scripts\gulp-sub-tasks.js = scripts\gulp-sub-tasks.js
		gulpfile.js = gulpfile.js
		nuget.config = nuget.config
		publishsettings.targets = publishsettings.targets
		README.md = README.md
	EndProjectSection
EndProject
Project("{2150E333-8FDC-42A3-9474-1A3956D46DE8}") = "Documentation", "Documentation", "{DAFED8F5-6CBD-4384-AAD6-DC3BCCF24911}"
	ProjectSection(SolutionItems) = preProject
		documentation\README.md = documentation\README.md
	EndProjectSection
EndProject
Project("{2150E333-8FDC-42A3-9474-1A3956D46DE8}") = "images", "images", "{D27C83D2-2EAF-4E44-A1ED-2B3C2EBB5854}"
	ProjectSection(SolutionItems) = preProject
		documentation\images\deal-with-it.gif = documentation\images\deal-with-it.gif
		documentation\images\hackathon.png = documentation\images\hackathon.png
	EndProjectSection
EndProject
Project("{FAE04EC0-301F-11D3-BF4B-00C04F79EFBC}") = "Sitecore.Foundation.SitecoreExtensions", "src\Foundation\SitecoreExtensions\code\Sitecore.Foundation.SitecoreExtensions.csproj", "{B535703F-8D07-4F23-A533-2974BB4CC7B1}"
EndProject
Project("{FAE04EC0-301F-11D3-BF4B-00C04F79EFBC}") = "Sitecore.Foundation.Assets", "src\Foundation\Assets\code\Sitecore.Foundation.Assets.csproj", "{7E46FF93-EE05-412C-AC47-2A59A13DA73C}"
EndProject
Project("{FAE04EC0-301F-11D3-BF4B-00C04F79EFBC}") = "Sitecore.Foundation.Theming", "src\Foundation\Theming\code\Sitecore.Foundation.Theming.csproj", "{98DE0D1D-26F1-4CCA-847C-4E0FC2DBA5FC}"
EndProject
Project("{2150E333-8FDC-42A3-9474-1A3956D46DE8}") = "Theming", "Theming", "{9A341995-02D0-41E4-97BC-E268469A2340}"
EndProject
Project("{2150E333-8FDC-42A3-9474-1A3956D46DE8}") = "Assets", "Assets", "{24EE9F59-0EF6-422F-BA68-D912CD4575BE}"
EndProject
Project("{2150E333-8FDC-42A3-9474-1A3956D46DE8}") = "SitecoreExtensions", "SitecoreExtensions", "{F1D376CD-A0D0-41E2-8DE2-28C1F6C1C9C0}"
EndProject
Project("{2150E333-8FDC-42A3-9474-1A3956D46DE8}") = "Accounts", "Accounts", "{D676F6C2-603B-460E-B4FB-8A5DFD080540}"
EndProject
Project("{FAE04EC0-301F-11D3-BF4B-00C04F79EFBC}") = "Sitecore.Foundation.Accounts", "src\Foundation\Accounts\code\Sitecore.Foundation.Accounts.csproj", "{3F61C57D-50D9-4194-8196-EF5F7AA4CCE5}"
EndProject
Project("{2150E333-8FDC-42A3-9474-1A3956D46DE8}") = "Hackathon", "Hackathon", "{EF5BDE82-78D9-4E01-B00F-33628510BB4E}"
EndProject
Project("{FAE04EC0-301F-11D3-BF4B-00C04F79EFBC}") = "Gravity.Project.Hackathon", "src\Project\Hackathon\Code\Gravity.Project.Hackathon\Gravity.Project.Hackathon.csproj", "{90816431-26B5-4F79-8E49-0651990F1879}"
EndProject
Project("{2150E333-8FDC-42A3-9474-1A3956D46DE8}") = "DependencyInjection", "DependencyInjection", "{080FF96A-E57E-424F-802A-F6B4096978E5}"
EndProject
Project("{2150E333-8FDC-42A3-9474-1A3956D46DE8}") = "Serialization", "Serialization", "{9DC7492E-5DC2-4649-A242-8F65CCCC74C7}"
EndProject
Project("{2150E333-8FDC-42A3-9474-1A3956D46DE8}") = "Vanilla", "Vanilla", "{42E35A15-B7C2-4B11-AAB6-B20A10AE8480}"
EndProject
Project("{FAE04EC0-301F-11D3-BF4B-00C04F79EFBC}") = "Sitecore.Foundation.DependencyInjection", "src\Foundation\DependencyInjection\code\Sitecore.Foundation.DependencyInjection.csproj", "{366148B7-2392-4F42-80D6-786B7A3682AE}"
EndProject
Project("{FAE04EC0-301F-11D3-BF4B-00C04F79EFBC}") = "Sitecore.Foundation.Serialization", "src\Foundation\Serialization\code\Sitecore.Foundation.Serialization.csproj", "{007CD5DC-0030-460D-91A3-3DDEA9AB472F}"
EndProject
Project("{FAE04EC0-301F-11D3-BF4B-00C04F79EFBC}") = "Sitecore.Foundation.Vanilla", "src\Foundation\Vanilla\code\Sitecore.Foundation.Vanilla.csproj", "{8BED52CC-1F45-4D7A-8C63-C5D630EFE3CF}"
EndProject
Project("{2150E333-8FDC-42A3-9474-1A3956D46DE8}") = "Teams", "Teams", "{311F9988-3241-4DE8-A7CB-F2CB52E962EF}"
EndProject
Project("{FAE04EC0-301F-11D3-BF4B-00C04F79EFBC}") = "Hackathon.Feature.Teams", "src\Feature\Teams\code\Hackathon.Feature.Teams.csproj", "{64D11244-17FD-4EE2-B46A-7AC9AF617249}"
EndProject
Project("{2150E333-8FDC-42A3-9474-1A3956D46DE8}") = "Dictionary", "Dictionary", "{74FB446A-0AB2-4784-B246-DE6201B9074D}"
EndProject
Project("{FAE04EC0-301F-11D3-BF4B-00C04F79EFBC}") = "Sitecore.Foundation.Dictionary", "src\Foundation\Dictionary\code\Sitecore.Foundation.Dictionary.csproj", "{0D6BA4D8-C469-4AE9-9EBB-93BDF7D7E78F}"
EndProject
Project("{2150E333-8FDC-42A3-9474-1A3956D46DE8}") = "Email", "Email", "{DBB30C7B-9B03-45C7-A518-5FFCDE0B46B4}"
EndProject
Project("{2150E333-8FDC-42A3-9474-1A3956D46DE8}") = "Settings", "Settings", "{8046013B-77B4-438C-ADB1-F678F308C306}"
EndProject
Project("{FAE04EC0-301F-11D3-BF4B-00C04F79EFBC}") = "Hackathon.Foundation.Email", "src\Foundation\Email\code\Hackathon.Foundation.Email.csproj", "{DE5D9EF9-A64A-4B70-8512-466869CDA4D9}"
EndProject
Project("{FAE04EC0-301F-11D3-BF4B-00C04F79EFBC}") = "Hackathon.Foundation.Settings", "src\Foundation\Settings\code\Hackathon.Foundation.Settings.csproj", "{594B178A-B8F5-4FDD-B982-FF795F9B6DCC}"
EndProject
Project("{2150E333-8FDC-42A3-9474-1A3956D46DE8}") = "Teasers", "Teasers", "{A5BB4070-5193-421A-9CFD-8FBEBA2BCE72}"
EndProject
Project("{FAE04EC0-301F-11D3-BF4B-00C04F79EFBC}") = "Hackathon.Feature.Teasers", "src\Feature\Teasers\code\Hackathon.Feature.Teasers.csproj", "{D8EEFE1A-A950-4CFA-9E47-F408F9475379}"
EndProject
Project("{2150E333-8FDC-42A3-9474-1A3956D46DE8}") = "Identity", "Identity", "{0F651E4E-C5A0-4193-BD2E-D483E14ACEA8}"
EndProject
Project("{FAE04EC0-301F-11D3-BF4B-00C04F79EFBC}") = "Hackathon.Feature.Identity", "src\Feature\Identity\code\Hackathon.Feature.Identity.csproj", "{12E7E8A3-D087-46DF-8922-4CDDF393162F}"
EndProject
Project("{2150E333-8FDC-42A3-9474-1A3956D46DE8}") = "Judges", "Judges", "{CDE2B0BD-89C1-4123-97BE-201A14F753BB}"
EndProject
Project("{FAE04EC0-301F-11D3-BF4B-00C04F79EFBC}") = "Hackathon.Feature.Judges", "src\Feature\Judge\code\Hackathon.Feature.Judges.csproj", "{FA4A0B8E-F2C5-444D-83C0-602075C2BA76}"
EndProject
Project("{2150E333-8FDC-42A3-9474-1A3956D46DE8}") = "Ideas", "Ideas", "{2A0652FD-0AC1-460B-A6AF-07421B32CF33}"
EndProject
Project("{FAE04EC0-301F-11D3-BF4B-00C04F79EFBC}") = "Hackathon.Feature.Ideas", "src\Feature\Idea\code\Hackathon.Feature.Ideas.csproj", "{34B35897-2DF8-4276-8D61-5B6E3C6CA7B9}"
EndProject
Global
	GlobalSection(SolutionConfigurationPlatforms) = preSolution
		Debug|Any CPU = Debug|Any CPU
		Release|Any CPU = Release|Any CPU
	EndGlobalSection
	GlobalSection(ProjectConfigurationPlatforms) = postSolution
		{B535703F-8D07-4F23-A533-2974BB4CC7B1}.Debug|Any CPU.ActiveCfg = Debug|Any CPU
		{B535703F-8D07-4F23-A533-2974BB4CC7B1}.Debug|Any CPU.Build.0 = Debug|Any CPU
		{B535703F-8D07-4F23-A533-2974BB4CC7B1}.Release|Any CPU.ActiveCfg = Release|Any CPU
		{B535703F-8D07-4F23-A533-2974BB4CC7B1}.Release|Any CPU.Build.0 = Release|Any CPU
		{7E46FF93-EE05-412C-AC47-2A59A13DA73C}.Debug|Any CPU.ActiveCfg = Debug|Any CPU
		{7E46FF93-EE05-412C-AC47-2A59A13DA73C}.Debug|Any CPU.Build.0 = Debug|Any CPU
		{7E46FF93-EE05-412C-AC47-2A59A13DA73C}.Release|Any CPU.ActiveCfg = Release|Any CPU
		{7E46FF93-EE05-412C-AC47-2A59A13DA73C}.Release|Any CPU.Build.0 = Release|Any CPU
		{98DE0D1D-26F1-4CCA-847C-4E0FC2DBA5FC}.Debug|Any CPU.ActiveCfg = Debug|Any CPU
		{98DE0D1D-26F1-4CCA-847C-4E0FC2DBA5FC}.Debug|Any CPU.Build.0 = Debug|Any CPU
		{98DE0D1D-26F1-4CCA-847C-4E0FC2DBA5FC}.Release|Any CPU.ActiveCfg = Release|Any CPU
		{98DE0D1D-26F1-4CCA-847C-4E0FC2DBA5FC}.Release|Any CPU.Build.0 = Release|Any CPU
		{3F61C57D-50D9-4194-8196-EF5F7AA4CCE5}.Debug|Any CPU.ActiveCfg = Debug|Any CPU
		{3F61C57D-50D9-4194-8196-EF5F7AA4CCE5}.Debug|Any CPU.Build.0 = Debug|Any CPU
		{3F61C57D-50D9-4194-8196-EF5F7AA4CCE5}.Release|Any CPU.ActiveCfg = Release|Any CPU
		{3F61C57D-50D9-4194-8196-EF5F7AA4CCE5}.Release|Any CPU.Build.0 = Release|Any CPU
		{90816431-26B5-4F79-8E49-0651990F1879}.Debug|Any CPU.ActiveCfg = Debug|Any CPU
		{90816431-26B5-4F79-8E49-0651990F1879}.Debug|Any CPU.Build.0 = Debug|Any CPU
		{90816431-26B5-4F79-8E49-0651990F1879}.Release|Any CPU.ActiveCfg = Release|Any CPU
		{90816431-26B5-4F79-8E49-0651990F1879}.Release|Any CPU.Build.0 = Release|Any CPU
		{366148B7-2392-4F42-80D6-786B7A3682AE}.Debug|Any CPU.ActiveCfg = Debug|Any CPU
		{366148B7-2392-4F42-80D6-786B7A3682AE}.Debug|Any CPU.Build.0 = Debug|Any CPU
		{366148B7-2392-4F42-80D6-786B7A3682AE}.Release|Any CPU.ActiveCfg = Release|Any CPU
		{366148B7-2392-4F42-80D6-786B7A3682AE}.Release|Any CPU.Build.0 = Release|Any CPU
		{007CD5DC-0030-460D-91A3-3DDEA9AB472F}.Debug|Any CPU.ActiveCfg = Debug|Any CPU
		{007CD5DC-0030-460D-91A3-3DDEA9AB472F}.Debug|Any CPU.Build.0 = Debug|Any CPU
		{007CD5DC-0030-460D-91A3-3DDEA9AB472F}.Release|Any CPU.ActiveCfg = Release|Any CPU
		{007CD5DC-0030-460D-91A3-3DDEA9AB472F}.Release|Any CPU.Build.0 = Release|Any CPU
		{8BED52CC-1F45-4D7A-8C63-C5D630EFE3CF}.Debug|Any CPU.ActiveCfg = Debug|Any CPU
		{8BED52CC-1F45-4D7A-8C63-C5D630EFE3CF}.Debug|Any CPU.Build.0 = Debug|Any CPU
		{8BED52CC-1F45-4D7A-8C63-C5D630EFE3CF}.Release|Any CPU.ActiveCfg = Release|Any CPU
		{8BED52CC-1F45-4D7A-8C63-C5D630EFE3CF}.Release|Any CPU.Build.0 = Release|Any CPU
		{64D11244-17FD-4EE2-B46A-7AC9AF617249}.Debug|Any CPU.ActiveCfg = Debug|Any CPU
		{64D11244-17FD-4EE2-B46A-7AC9AF617249}.Debug|Any CPU.Build.0 = Debug|Any CPU
		{64D11244-17FD-4EE2-B46A-7AC9AF617249}.Release|Any CPU.ActiveCfg = Release|Any CPU
		{64D11244-17FD-4EE2-B46A-7AC9AF617249}.Release|Any CPU.Build.0 = Release|Any CPU
		{0D6BA4D8-C469-4AE9-9EBB-93BDF7D7E78F}.Debug|Any CPU.ActiveCfg = Debug|Any CPU
		{0D6BA4D8-C469-4AE9-9EBB-93BDF7D7E78F}.Debug|Any CPU.Build.0 = Debug|Any CPU
		{0D6BA4D8-C469-4AE9-9EBB-93BDF7D7E78F}.Release|Any CPU.ActiveCfg = Release|Any CPU
		{0D6BA4D8-C469-4AE9-9EBB-93BDF7D7E78F}.Release|Any CPU.Build.0 = Release|Any CPU
		{DE5D9EF9-A64A-4B70-8512-466869CDA4D9}.Debug|Any CPU.ActiveCfg = Debug|Any CPU
		{DE5D9EF9-A64A-4B70-8512-466869CDA4D9}.Debug|Any CPU.Build.0 = Debug|Any CPU
		{DE5D9EF9-A64A-4B70-8512-466869CDA4D9}.Release|Any CPU.ActiveCfg = Release|Any CPU
		{DE5D9EF9-A64A-4B70-8512-466869CDA4D9}.Release|Any CPU.Build.0 = Release|Any CPU
		{594B178A-B8F5-4FDD-B982-FF795F9B6DCC}.Debug|Any CPU.ActiveCfg = Debug|Any CPU
		{594B178A-B8F5-4FDD-B982-FF795F9B6DCC}.Debug|Any CPU.Build.0 = Debug|Any CPU
		{594B178A-B8F5-4FDD-B982-FF795F9B6DCC}.Release|Any CPU.ActiveCfg = Release|Any CPU
		{594B178A-B8F5-4FDD-B982-FF795F9B6DCC}.Release|Any CPU.Build.0 = Release|Any CPU
		{D8EEFE1A-A950-4CFA-9E47-F408F9475379}.Debug|Any CPU.ActiveCfg = Debug|Any CPU
		{D8EEFE1A-A950-4CFA-9E47-F408F9475379}.Debug|Any CPU.Build.0 = Debug|Any CPU
		{D8EEFE1A-A950-4CFA-9E47-F408F9475379}.Release|Any CPU.ActiveCfg = Release|Any CPU
		{D8EEFE1A-A950-4CFA-9E47-F408F9475379}.Release|Any CPU.Build.0 = Release|Any CPU
		{12E7E8A3-D087-46DF-8922-4CDDF393162F}.Debug|Any CPU.ActiveCfg = Debug|Any CPU
		{12E7E8A3-D087-46DF-8922-4CDDF393162F}.Debug|Any CPU.Build.0 = Debug|Any CPU
		{12E7E8A3-D087-46DF-8922-4CDDF393162F}.Release|Any CPU.ActiveCfg = Release|Any CPU
		{12E7E8A3-D087-46DF-8922-4CDDF393162F}.Release|Any CPU.Build.0 = Release|Any CPU
		{FA4A0B8E-F2C5-444D-83C0-602075C2BA76}.Debug|Any CPU.ActiveCfg = Debug|Any CPU
		{FA4A0B8E-F2C5-444D-83C0-602075C2BA76}.Debug|Any CPU.Build.0 = Debug|Any CPU
		{FA4A0B8E-F2C5-444D-83C0-602075C2BA76}.Release|Any CPU.ActiveCfg = Release|Any CPU
		{FA4A0B8E-F2C5-444D-83C0-602075C2BA76}.Release|Any CPU.Build.0 = Release|Any CPU
		{34B35897-2DF8-4276-8D61-5B6E3C6CA7B9}.Debug|Any CPU.ActiveCfg = Debug|Any CPU
		{34B35897-2DF8-4276-8D61-5B6E3C6CA7B9}.Debug|Any CPU.Build.0 = Debug|Any CPU
		{34B35897-2DF8-4276-8D61-5B6E3C6CA7B9}.Release|Any CPU.ActiveCfg = Release|Any CPU
		{34B35897-2DF8-4276-8D61-5B6E3C6CA7B9}.Release|Any CPU.Build.0 = Release|Any CPU
	EndGlobalSection
	GlobalSection(SolutionProperties) = preSolution
		HideSolutionNode = FALSE
	EndGlobalSection
	GlobalSection(NestedProjects) = preSolution
		{D27C83D2-2EAF-4E44-A1ED-2B3C2EBB5854} = {DAFED8F5-6CBD-4384-AAD6-DC3BCCF24911}
		{B535703F-8D07-4F23-A533-2974BB4CC7B1} = {F1D376CD-A0D0-41E2-8DE2-28C1F6C1C9C0}
		{7E46FF93-EE05-412C-AC47-2A59A13DA73C} = {24EE9F59-0EF6-422F-BA68-D912CD4575BE}
		{98DE0D1D-26F1-4CCA-847C-4E0FC2DBA5FC} = {9A341995-02D0-41E4-97BC-E268469A2340}
		{9A341995-02D0-41E4-97BC-E268469A2340} = {4FDA1DCD-D33E-447E-91C1-F4AE818E2CF0}
		{24EE9F59-0EF6-422F-BA68-D912CD4575BE} = {4FDA1DCD-D33E-447E-91C1-F4AE818E2CF0}
		{F1D376CD-A0D0-41E2-8DE2-28C1F6C1C9C0} = {4FDA1DCD-D33E-447E-91C1-F4AE818E2CF0}
		{D676F6C2-603B-460E-B4FB-8A5DFD080540} = {4FDA1DCD-D33E-447E-91C1-F4AE818E2CF0}
		{3F61C57D-50D9-4194-8196-EF5F7AA4CCE5} = {D676F6C2-603B-460E-B4FB-8A5DFD080540}
		{EF5BDE82-78D9-4E01-B00F-33628510BB4E} = {15D97D61-D597-42EC-B7E9-E9EC8130E630}
		{90816431-26B5-4F79-8E49-0651990F1879} = {EF5BDE82-78D9-4E01-B00F-33628510BB4E}
		{080FF96A-E57E-424F-802A-F6B4096978E5} = {4FDA1DCD-D33E-447E-91C1-F4AE818E2CF0}
		{9DC7492E-5DC2-4649-A242-8F65CCCC74C7} = {4FDA1DCD-D33E-447E-91C1-F4AE818E2CF0}
		{42E35A15-B7C2-4B11-AAB6-B20A10AE8480} = {4FDA1DCD-D33E-447E-91C1-F4AE818E2CF0}
		{366148B7-2392-4F42-80D6-786B7A3682AE} = {080FF96A-E57E-424F-802A-F6B4096978E5}
		{007CD5DC-0030-460D-91A3-3DDEA9AB472F} = {9DC7492E-5DC2-4649-A242-8F65CCCC74C7}
		{8BED52CC-1F45-4D7A-8C63-C5D630EFE3CF} = {42E35A15-B7C2-4B11-AAB6-B20A10AE8480}
		{311F9988-3241-4DE8-A7CB-F2CB52E962EF} = {17DD5718-6E13-4F2C-9738-B410396D4552}
		{64D11244-17FD-4EE2-B46A-7AC9AF617249} = {311F9988-3241-4DE8-A7CB-F2CB52E962EF}
		{74FB446A-0AB2-4784-B246-DE6201B9074D} = {4FDA1DCD-D33E-447E-91C1-F4AE818E2CF0}
		{0D6BA4D8-C469-4AE9-9EBB-93BDF7D7E78F} = {74FB446A-0AB2-4784-B246-DE6201B9074D}
		{DBB30C7B-9B03-45C7-A518-5FFCDE0B46B4} = {4FDA1DCD-D33E-447E-91C1-F4AE818E2CF0}
		{8046013B-77B4-438C-ADB1-F678F308C306} = {4FDA1DCD-D33E-447E-91C1-F4AE818E2CF0}
		{DE5D9EF9-A64A-4B70-8512-466869CDA4D9} = {DBB30C7B-9B03-45C7-A518-5FFCDE0B46B4}
		{594B178A-B8F5-4FDD-B982-FF795F9B6DCC} = {8046013B-77B4-438C-ADB1-F678F308C306}
		{A5BB4070-5193-421A-9CFD-8FBEBA2BCE72} = {17DD5718-6E13-4F2C-9738-B410396D4552}
		{D8EEFE1A-A950-4CFA-9E47-F408F9475379} = {A5BB4070-5193-421A-9CFD-8FBEBA2BCE72}
		{0F651E4E-C5A0-4193-BD2E-D483E14ACEA8} = {17DD5718-6E13-4F2C-9738-B410396D4552}
		{12E7E8A3-D087-46DF-8922-4CDDF393162F} = {0F651E4E-C5A0-4193-BD2E-D483E14ACEA8}
		{CDE2B0BD-89C1-4123-97BE-201A14F753BB} = {17DD5718-6E13-4F2C-9738-B410396D4552}
		{FA4A0B8E-F2C5-444D-83C0-602075C2BA76} = {CDE2B0BD-89C1-4123-97BE-201A14F753BB}
		{2A0652FD-0AC1-460B-A6AF-07421B32CF33} = {17DD5718-6E13-4F2C-9738-B410396D4552}
		{34B35897-2DF8-4276-8D61-5B6E3C6CA7B9} = {2A0652FD-0AC1-460B-A6AF-07421B32CF33}
	EndGlobalSection
	GlobalSection(ExtensibilityGlobals) = postSolution
		SolutionGuid = {311DA37D-528B-43B2-A99B-E7253F841D46}
		EnterpriseLibraryConfigurationToolBinariesPathV6 = packages\EnterpriseLibrary.Common.6.0.1304.0\lib\NET45;packages\EnterpriseLibrary.TransientFaultHandling.6.0.1304.0\lib\portable-net45+win+wp8;packages\EnterpriseLibrary.TransientFaultHandling.Caching.6.0.1304.0\lib\NET45;packages\EnterpriseLibrary.TransientFaultHandling.Data.6.0.1304.1\lib\NET45;packages\EnterpriseLibrary.TransientFaultHandling.ServiceBus.6.0.1304.0\lib\NET45;packages\EnterpriseLibrary.TransientFaultHandling.WindowsAzure.Storage.6.0.1304.0\lib\NET45;packages\EnterpriseLibrary.TransientFaultHandling.Configuration.6.0.1304.0\lib\NET45
	EndGlobalSection
EndGlobal
